
Microsoft Visual Studio Solution File, Format Version 12.00
# Visual Studio Version 16
VisualStudioVersion = 16.0.31515.178
MinimumVisualStudioVersion = 10.0.40219.1
Project("{9A19103F-16F7-4668-BE54-9A1E7A4F7556}") = "ObjectPrinting", "ObjectPrinting\ObjectPrinting.csproj", "{07B8C9B7-8289-46CB-9875-048A57758EEE}"
EndProject
Project("{2150E333-8FDC-42A3-9474-1A3956D46DE8}") = "Samples", "Samples", "{6D308E4A-CEC7-4536-9B87-81CD337A87AD}"
EndProject
Global
	GlobalSection(SolutionConfigurationPlatforms) = preSolution
		Debug|Any CPU = Debug|Any CPU
		Release|Any CPU = Release|Any CPU
	EndGlobalSection
	GlobalSection(ProjectConfigurationPlatforms) = postSolution
		{07B8C9B7-8289-46CB-9875-048A57758EEE}.Debug|Any CPU.ActiveCfg = Debug|Any CPU
		{07B8C9B7-8289-46CB-9875-048A57758EEE}.Debug|Any CPU.Build.0 = Debug|Any CPU
		{07B8C9B7-8289-46CB-9875-048A57758EEE}.Release|Any CPU.ActiveCfg = Release|Any CPU
		{07B8C9B7-8289-46CB-9875-048A57758EEE}.Release|Any CPU.Build.0 = Release|Any CPU
	EndGlobalSection
	GlobalSection(SolutionProperties) = preSolution
		HideSolutionNode = FALSE
	EndGlobalSection
	GlobalSection(ExtensibilityGlobals) = postSolution
		SolutionGuid = {D5809453-7D53-4A38-BC5C-06345B8DC0AD}
	EndGlobalSection
EndGlobal
