
Microsoft Visual Studio Solution File, Format Version 12.00
# Visual Studio 15
VisualStudioVersion = 15.0.27428.2015
MinimumVisualStudioVersion = 10.0.40219.1
Project("{FAE04EC0-301F-11D3-BF4B-00C04F79EFBC}") = "ObjectPrinting", "ObjectPrinting\ObjectPrinting.csproj", "{07B8C9B7-8289-46CB-9875-048A57758EEE}"
EndProject
Global
	GlobalSection(SolutionConfigurationPlatforms) = preSolution
		Debug|Any CPU = Debug|Any CPU
		Release|Any CPU = Release|Any CPU
	EndGlobalSection
	GlobalSection(ProjectConfigurationPlatforms) = postSolution
		{07B8C9B7-8289-46CB-9875-048A57758EEE}.Debug|Any CPU.ActiveCfg = Debug|Any CPU
		{07B8C9B7-8289-46CB-9875-048A57758EEE}.Debug|Any CPU.Build.0 = Debug|Any CPU
		{07B8C9B7-8289-46CB-9875-048A57758EEE}.Release|Any CPU.ActiveCfg = Release|Any CPU
		{07B8C9B7-8289-46CB-9875-048A57758EEE}.Release|Any CPU.Build.0 = Release|Any CPU
	EndGlobalSection
	GlobalSection(SolutionProperties) = preSolution
		HideSolutionNode = FALSE
	EndGlobalSection
	GlobalSection(ExtensibilityGlobals) = postSolution
		SolutionGuid = {ED806742-76FC-4757-BD7E-37AEAD7328DA}
	EndGlobalSection
EndGlobal
