
Microsoft Visual Studio Solution File, Format Version 12.00
# Visual Studio Version 17
VisualStudioVersion = 17.0.31912.275
MinimumVisualStudioVersion = 10.0.40219.1
Project("{9A19103F-16F7-4668-BE54-9A1E7A4F7556}") = "ObjectPrinting", "ObjectPrinting\ObjectPrinting.csproj", "{07B8C9B7-8289-46CB-9875-048A57758EEE}"
EndProject
Project("{FAE04EC0-301F-11D3-BF4B-00C04F79EFBC}") = "ObjectPrintingTests", "ObjectPrintingTests\ObjectPrintingTests.csproj", "{0D635429-CD78-4DEE-BEAD-22982F1FFB4B}"
EndProject
Global
	GlobalSection(SolutionConfigurationPlatforms) = preSolution
		Debug|Any CPU = Debug|Any CPU
		Release|Any CPU = Release|Any CPU
	EndGlobalSection
	GlobalSection(ProjectConfigurationPlatforms) = postSolution
		{07B8C9B7-8289-46CB-9875-048A57758EEE}.Debug|Any CPU.ActiveCfg = Debug|Any CPU
		{07B8C9B7-8289-46CB-9875-048A57758EEE}.Debug|Any CPU.Build.0 = Debug|Any CPU
		{07B8C9B7-8289-46CB-9875-048A57758EEE}.Release|Any CPU.ActiveCfg = Release|Any CPU
		{07B8C9B7-8289-46CB-9875-048A57758EEE}.Release|Any CPU.Build.0 = Release|Any CPU
		{0D635429-CD78-4DEE-BEAD-22982F1FFB4B}.Debug|Any CPU.ActiveCfg = Debug|Any CPU
		{0D635429-CD78-4DEE-BEAD-22982F1FFB4B}.Debug|Any CPU.Build.0 = Debug|Any CPU
		{0D635429-CD78-4DEE-BEAD-22982F1FFB4B}.Release|Any CPU.ActiveCfg = Release|Any CPU
		{0D635429-CD78-4DEE-BEAD-22982F1FFB4B}.Release|Any CPU.Build.0 = Release|Any CPU
	EndGlobalSection
	GlobalSection(SolutionProperties) = preSolution
		HideSolutionNode = FALSE
	EndGlobalSection
	GlobalSection(ExtensibilityGlobals) = postSolution
		SolutionGuid = {75D223E1-7C99-408E-ADE1-B70537A5E14E}
	EndGlobalSection
EndGlobal
