
Microsoft Visual Studio Solution File, Format Version 12.00
# Visual Studio Version 17
VisualStudioVersion = 17.3.32922.545
MinimumVisualStudioVersion = 10.0.40219.1
Project("{FAE04EC0-301F-11D3-BF4B-00C04F79EFBC}") = "ObjectPrinter", "ObjectPrinter\ObjectPrinter.csproj", "{D746A08A-C9A5-4FF3-9AE6-2AAA9CA30B31}"
EndProject
Project("{FAE04EC0-301F-11D3-BF4B-00C04F79EFBC}") = "ObjectPrinterTests", "ObjectPrinterTests\ObjectPrinterTests.csproj", "{5D7EC86F-C6C9-46E5-8D69-4ECCDFC0C1E5}"
EndProject
Global
	GlobalSection(SolutionConfigurationPlatforms) = preSolution
		Debug|Any CPU = Debug|Any CPU
		Release|Any CPU = Release|Any CPU
	EndGlobalSection
	GlobalSection(ProjectConfigurationPlatforms) = postSolution
		{D746A08A-C9A5-4FF3-9AE6-2AAA9CA30B31}.Debug|Any CPU.ActiveCfg = Debug|Any CPU
		{D746A08A-C9A5-4FF3-9AE6-2AAA9CA30B31}.Debug|Any CPU.Build.0 = Debug|Any CPU
		{D746A08A-C9A5-4FF3-9AE6-2AAA9CA30B31}.Release|Any CPU.ActiveCfg = Release|Any CPU
		{D746A08A-C9A5-4FF3-9AE6-2AAA9CA30B31}.Release|Any CPU.Build.0 = Release|Any CPU
		{5D7EC86F-C6C9-46E5-8D69-4ECCDFC0C1E5}.Debug|Any CPU.ActiveCfg = Debug|Any CPU
		{5D7EC86F-C6C9-46E5-8D69-4ECCDFC0C1E5}.Debug|Any CPU.Build.0 = Debug|Any CPU
		{5D7EC86F-C6C9-46E5-8D69-4ECCDFC0C1E5}.Release|Any CPU.ActiveCfg = Release|Any CPU
		{5D7EC86F-C6C9-46E5-8D69-4ECCDFC0C1E5}.Release|Any CPU.Build.0 = Release|Any CPU
	EndGlobalSection
	GlobalSection(SolutionProperties) = preSolution
		HideSolutionNode = FALSE
	EndGlobalSection
	GlobalSection(ExtensibilityGlobals) = postSolution
		SolutionGuid = {5DF5AB4E-BD74-4384-8948-2B34E4F23DD9}
	EndGlobalSection
EndGlobal
