
Microsoft Visual Studio Solution File, Format Version 12.00
Project("{FAE04EC0-301F-11D3-BF4B-00C04F79EFBC}") = "ObjectPrinting", "ObjectPrinting\ObjectPrinting.csproj", "{697D0BB2-C12E-4FB6-851C-DE0821392750}"
EndProject
Project("{FAE04EC0-301F-11D3-BF4B-00C04F79EFBC}") = "ObjectPrinting.Tests", "ObjectPrinting.Tests\ObjectPrinting.Tests.csproj", "{CA8713B3-0916-43BE-BA2A-ADCE813510DD}"
EndProject
Global
	GlobalSection(SolutionConfigurationPlatforms) = preSolution
		Debug|Any CPU = Debug|Any CPU
		Release|Any CPU = Release|Any CPU
	EndGlobalSection
	GlobalSection(ProjectConfigurationPlatforms) = postSolution
		{697D0BB2-C12E-4FB6-851C-DE0821392750}.Debug|Any CPU.ActiveCfg = Debug|Any CPU
		{697D0BB2-C12E-4FB6-851C-DE0821392750}.Debug|Any CPU.Build.0 = Debug|Any CPU
		{697D0BB2-C12E-4FB6-851C-DE0821392750}.Release|Any CPU.ActiveCfg = Release|Any CPU
		{697D0BB2-C12E-4FB6-851C-DE0821392750}.Release|Any CPU.Build.0 = Release|Any CPU
		{CA8713B3-0916-43BE-BA2A-ADCE813510DD}.Debug|Any CPU.ActiveCfg = Debug|Any CPU
		{CA8713B3-0916-43BE-BA2A-ADCE813510DD}.Debug|Any CPU.Build.0 = Debug|Any CPU
		{CA8713B3-0916-43BE-BA2A-ADCE813510DD}.Release|Any CPU.ActiveCfg = Release|Any CPU
		{CA8713B3-0916-43BE-BA2A-ADCE813510DD}.Release|Any CPU.Build.0 = Release|Any CPU
	EndGlobalSection
EndGlobal
